
Microsoft Visual Studio Solution File, Format Version 12.00
# Visual Studio Version 17
VisualStudioVersion = 17.3.32819.101
MinimumVisualStudioVersion = 10.0.40219.1
Project("{9A19103F-16F7-4668-BE54-9A1E7A4F7556}") = "WeCharge.BAL", "WeCharge.BAL\WeCharge.BAL.csproj", "{ADF31860-ED29-4C45-9078-9F4B88D7194E}"
EndProject
Project("{9A19103F-16F7-4668-BE54-9A1E7A4F7556}") = "WeCharge.DAL", "WeCharge.DAL\WeCharge.DAL.csproj", "{10244CDD-83FC-4EE5-AAEB-4B07F8AA8D65}"
EndProject
Project("{9A19103F-16F7-4668-BE54-9A1E7A4F7556}") = "WeCharge.Model", "WeCharge.Model\WeCharge.Model.csproj", "{CCCA6FDC-0BF5-43E8-868A-E197280B7097}"
EndProject
Project("{9A19103F-16F7-4668-BE54-9A1E7A4F7556}") = "WeCharge_AdminPanel", "WeCharge_AdminPanel\WeCharge_AdminPanel.csproj", "{FB2343ED-838F-4A80-B9DA-9A12D6B56BB4}"
EndProject
Global
	GlobalSection(SolutionConfigurationPlatforms) = preSolution
		Debug|Any CPU = Debug|Any CPU
		Release|Any CPU = Release|Any CPU
	EndGlobalSection
	GlobalSection(ProjectConfigurationPlatforms) = postSolution
		{ADF31860-ED29-4C45-9078-9F4B88D7194E}.Debug|Any CPU.ActiveCfg = Debug|Any CPU
		{ADF31860-ED29-4C45-9078-9F4B88D7194E}.Debug|Any CPU.Build.0 = Debug|Any CPU
		{ADF31860-ED29-4C45-9078-9F4B88D7194E}.Release|Any CPU.ActiveCfg = Release|Any CPU
		{ADF31860-ED29-4C45-9078-9F4B88D7194E}.Release|Any CPU.Build.0 = Release|Any CPU
		{10244CDD-83FC-4EE5-AAEB-4B07F8AA8D65}.Debug|Any CPU.ActiveCfg = Debug|Any CPU
		{10244CDD-83FC-4EE5-AAEB-4B07F8AA8D65}.Debug|Any CPU.Build.0 = Debug|Any CPU
		{10244CDD-83FC-4EE5-AAEB-4B07F8AA8D65}.Release|Any CPU.ActiveCfg = Release|Any CPU
		{10244CDD-83FC-4EE5-AAEB-4B07F8AA8D65}.Release|Any CPU.Build.0 = Release|Any CPU
		{CCCA6FDC-0BF5-43E8-868A-E197280B7097}.Debug|Any CPU.ActiveCfg = Debug|Any CPU
		{CCCA6FDC-0BF5-43E8-868A-E197280B7097}.Debug|Any CPU.Build.0 = Debug|Any CPU
		{CCCA6FDC-0BF5-43E8-868A-E197280B7097}.Release|Any CPU.ActiveCfg = Release|Any CPU
		{CCCA6FDC-0BF5-43E8-868A-E197280B7097}.Release|Any CPU.Build.0 = Release|Any CPU
		{FB2343ED-838F-4A80-B9DA-9A12D6B56BB4}.Debug|Any CPU.ActiveCfg = Debug|Any CPU
		{FB2343ED-838F-4A80-B9DA-9A12D6B56BB4}.Debug|Any CPU.Build.0 = Debug|Any CPU
		{FB2343ED-838F-4A80-B9DA-9A12D6B56BB4}.Release|Any CPU.ActiveCfg = Release|Any CPU
		{FB2343ED-838F-4A80-B9DA-9A12D6B56BB4}.Release|Any CPU.Build.0 = Release|Any CPU
	EndGlobalSection
	GlobalSection(SolutionProperties) = preSolution
		HideSolutionNode = FALSE
	EndGlobalSection
	GlobalSection(ExtensibilityGlobals) = postSolution
		SolutionGuid = {CF73E51C-6405-4D9A-8FC5-53FA64B8C8C4}
	EndGlobalSection
EndGlobal
